
Microsoft Visual Studio Solution File, Format Version 12.00
# Visual Studio Version 16
VisualStudioVersion = 16.0.30523.141
MinimumVisualStudioVersion = 10.0.40219.1
Project("{9A19103F-16F7-4668-BE54-9A1E7A4F7556}") = "BoxesLogic", "BoxesLogic\BoxesLogic.csproj", "{DBEA5DDE-76AC-43D8-BCAF-8C35C00DDEC1}"
EndProject
Project("{FAE04EC0-301F-11D3-BF4B-00C04F79EFBC}") = "Program", "Program\Program.csproj", "{390BA7ED-9C2A-4456-BEED-15537EC119CD}"
EndProject
Global
	GlobalSection(SolutionConfigurationPlatforms) = preSolution
		Debug|Any CPU = Debug|Any CPU
		Release|Any CPU = Release|Any CPU
	EndGlobalSection
	GlobalSection(ProjectConfigurationPlatforms) = postSolution
		{DBEA5DDE-76AC-43D8-BCAF-8C35C00DDEC1}.Debug|Any CPU.ActiveCfg = Debug|Any CPU
		{DBEA5DDE-76AC-43D8-BCAF-8C35C00DDEC1}.Debug|Any CPU.Build.0 = Debug|Any CPU
		{DBEA5DDE-76AC-43D8-BCAF-8C35C00DDEC1}.Release|Any CPU.ActiveCfg = Release|Any CPU
		{DBEA5DDE-76AC-43D8-BCAF-8C35C00DDEC1}.Release|Any CPU.Build.0 = Release|Any CPU
		{390BA7ED-9C2A-4456-BEED-15537EC119CD}.Debug|Any CPU.ActiveCfg = Debug|Any CPU
		{390BA7ED-9C2A-4456-BEED-15537EC119CD}.Debug|Any CPU.Build.0 = Debug|Any CPU
		{390BA7ED-9C2A-4456-BEED-15537EC119CD}.Release|Any CPU.ActiveCfg = Release|Any CPU
		{390BA7ED-9C2A-4456-BEED-15537EC119CD}.Release|Any CPU.Build.0 = Release|Any CPU
	EndGlobalSection
	GlobalSection(SolutionProperties) = preSolution
		HideSolutionNode = FALSE
	EndGlobalSection
	GlobalSection(ExtensibilityGlobals) = postSolution
		SolutionGuid = {66E0FFD9-92E7-49D4-8B30-37DFC39670A5}
	EndGlobalSection
EndGlobal
